
Microsoft Visual Studio Solution File, Format Version 12.00
# Visual Studio Version 17
VisualStudioVersion = 17.0.32112.339
MinimumVisualStudioVersion = 10.0.40219.1
Project("{F2A71F9B-5D33-465A-A702-920D77279786}") = "prueba", "prueba\prueba.fsproj", "{5FA4B612-BD2A-4F04-ADAB-1A7057144835}"
EndProject
Global
	GlobalSection(SolutionConfigurationPlatforms) = preSolution
		Debug|Any CPU = Debug|Any CPU
		Release|Any CPU = Release|Any CPU
	EndGlobalSection
	GlobalSection(ProjectConfigurationPlatforms) = postSolution
		{5FA4B612-BD2A-4F04-ADAB-1A7057144835}.Debug|Any CPU.ActiveCfg = Debug|Any CPU
		{5FA4B612-BD2A-4F04-ADAB-1A7057144835}.Debug|Any CPU.Build.0 = Debug|Any CPU
		{5FA4B612-BD2A-4F04-ADAB-1A7057144835}.Release|Any CPU.ActiveCfg = Release|Any CPU
		{5FA4B612-BD2A-4F04-ADAB-1A7057144835}.Release|Any CPU.Build.0 = Release|Any CPU
	EndGlobalSection
	GlobalSection(SolutionProperties) = preSolution
		HideSolutionNode = FALSE
	EndGlobalSection
	GlobalSection(ExtensibilityGlobals) = postSolution
		SolutionGuid = {070918C3-34AC-4138-937E-605834ED6CA2}
	EndGlobalSection
EndGlobal
